// !$*UTF8*$!
{
	archiveVersion = 1;
	classes = {
	};
	objectVersion = 56;
	objects = {

/* Begin PBXBuildFile section */
		4A661CD32AEBF64C00381780 /* AppDelegate.swift in Sources */ = {isa = PBXBuildFile; fileRef = 4A661CD22AEBF64C00381780 /* AppDelegate.swift */; };
		4A661CD52AEBF64C00381780 /* SceneDelegate.swift in Sources */ = {isa = PBXBuildFile; fileRef = 4A661CD42AEBF64C00381780 /* SceneDelegate.swift */; };
		4A661CD72AEBF64C00381780 /* ViewController.swift in Sources */ = {isa = PBXBuildFile; fileRef = 4A661CD62AEBF64C00381780 /* ViewController.swift */; };
		4A661CDA2AEBF64C00381780 /* Main.storyboard in Resources */ = {isa = PBXBuildFile; fileRef = 4A661CD82AEBF64C00381780 /* Main.storyboard */; };
		4A661CDC2AEBF64C00381780 /* Assets.xcassets in Resources */ = {isa = PBXBuildFile; fileRef = 4A661CDB2AEBF64C00381780 /* Assets.xcassets */; };
		4A661CDF2AEBF64C00381780 /* LaunchScreen.storyboard in Resources */ = {isa = PBXBuildFile; fileRef = 4A661CDD2AEBF64C00381780 /* LaunchScreen.storyboard */; };
		4A661CE72AEBFB1600381780 /* PlayerScoresTableViewController.swift in Sources */ = {isa = PBXBuildFile; fileRef = 4A661CE62AEBFB1600381780 /* PlayerScoresTableViewController.swift */; };
		4A661CE92AEBFB9200381780 /* PlayerScoreTableViewCell.swift in Sources */ = {isa = PBXBuildFile; fileRef = 4A661CE82AEBFB9200381780 /* PlayerScoreTableViewCell.swift */; };
		4A661CEB2AEBFC2700381780 /* Player.swift in Sources */ = {isa = PBXBuildFile; fileRef = 4A661CEA2AEBFC2700381780 /* Player.swift */; };
		4A661D332AF143FA00381780 /* GamesTableViewController.swift in Sources */ = {isa = PBXBuildFile; fileRef = 4A661D322AF143FA00381780 /* GamesTableViewController.swift */; };
		4A661D352AF1465300381780 /* Game.swift in Sources */ = {isa = PBXBuildFile; fileRef = 4A661D342AF1465300381780 /* Game.swift */; };
		4A661D392AF1487E00381780 /* GameTableViewCell.swift in Sources */ = {isa = PBXBuildFile; fileRef = 4A661D382AF1487E00381780 /* GameTableViewCell.swift */; };
		4A661D3D2AF14F1400381780 /* GameDetailViewController.swift in Sources */ = {isa = PBXBuildFile; fileRef = 4A661D3C2AF14F1400381780 /* GameDetailViewController.swift */; };
		4AA96BBD2B03C57D000A7BB9 /* PicturesCollectionViewController.swift in Sources */ = {isa = PBXBuildFile; fileRef = 4AA96BBC2B03C57D000A7BB9 /* PicturesCollectionViewController.swift */; };
		4AA96BC22B03C800000A7BB9 /* PicturesCollectionViewCell.swift in Sources */ = {isa = PBXBuildFile; fileRef = 4AA96BC12B03C800000A7BB9 /* PicturesCollectionViewCell.swift */; };
		4AA96BC42B03D78C000A7BB9 /* GamePictures.swift in Sources */ = {isa = PBXBuildFile; fileRef = 4AA96BC32B03D78C000A7BB9 /* GamePictures.swift */; };
		4AA96BC62B051C02000A7BB9 /* BiggerPictureViewController.swift in Sources */ = {isa = PBXBuildFile; fileRef = 4AA96BC52B051C02000A7BB9 /* BiggerPictureViewController.swift */; };
/* End PBXBuildFile section */

/* Begin PBXFileReference section */
		4A661CCF2AEBF64C00381780 /* ScoreKeeper.app */ = {isa = PBXFileReference; explicitFileType = wrapper.application; includeInIndex = 0; path = ScoreKeeper.app; sourceTree = BUILT_PRODUCTS_DIR; };
		4A661CD22AEBF64C00381780 /* AppDelegate.swift */ = {isa = PBXFileReference; lastKnownFileType = sourcecode.swift; path = AppDelegate.swift; sourceTree = "<group>"; };
		4A661CD42AEBF64C00381780 /* SceneDelegate.swift */ = {isa = PBXFileReference; lastKnownFileType = sourcecode.swift; path = SceneDelegate.swift; sourceTree = "<group>"; };
		4A661CD62AEBF64C00381780 /* ViewController.swift */ = {isa = PBXFileReference; lastKnownFileType = sourcecode.swift; path = ViewController.swift; sourceTree = "<group>"; };
		4A661CD92AEBF64C00381780 /* Base */ = {isa = PBXFileReference; lastKnownFileType = file.storyboard; name = Base; path = Base.lproj/Main.storyboard; sourceTree = "<group>"; };
		4A661CDB2AEBF64C00381780 /* Assets.xcassets */ = {isa = PBXFileReference; lastKnownFileType = folder.assetcatalog; path = Assets.xcassets; sourceTree = "<group>"; };
		4A661CDE2AEBF64C00381780 /* Base */ = {isa = PBXFileReference; lastKnownFileType = file.storyboard; name = Base; path = Base.lproj/LaunchScreen.storyboard; sourceTree = "<group>"; };
		4A661CE02AEBF64C00381780 /* Info.plist */ = {isa = PBXFileReference; lastKnownFileType = text.plist.xml; path = Info.plist; sourceTree = "<group>"; };
		4A661CE62AEBFB1600381780 /* PlayerScoresTableViewController.swift */ = {isa = PBXFileReference; lastKnownFileType = sourcecode.swift; path = PlayerScoresTableViewController.swift; sourceTree = "<group>"; };
		4A661CE82AEBFB9200381780 /* PlayerScoreTableViewCell.swift */ = {isa = PBXFileReference; lastKnownFileType = sourcecode.swift; path = PlayerScoreTableViewCell.swift; sourceTree = "<group>"; };
		4A661CEA2AEBFC2700381780 /* Player.swift */ = {isa = PBXFileReference; lastKnownFileType = sourcecode.swift; path = Player.swift; sourceTree = "<group>"; };
		4A661D322AF143FA00381780 /* GamesTableViewController.swift */ = {isa = PBXFileReference; lastKnownFileType = sourcecode.swift; path = GamesTableViewController.swift; sourceTree = "<group>"; };
		4A661D342AF1465300381780 /* Game.swift */ = {isa = PBXFileReference; lastKnownFileType = sourcecode.swift; path = Game.swift; sourceTree = "<group>"; };
		4A661D382AF1487E00381780 /* GameTableViewCell.swift */ = {isa = PBXFileReference; lastKnownFileType = sourcecode.swift; path = GameTableViewCell.swift; sourceTree = "<group>"; };
		4A661D3C2AF14F1400381780 /* GameDetailViewController.swift */ = {isa = PBXFileReference; lastKnownFileType = sourcecode.swift; path = GameDetailViewController.swift; sourceTree = "<group>"; };
		4AA96BBC2B03C57D000A7BB9 /* PicturesCollectionViewController.swift */ = {isa = PBXFileReference; lastKnownFileType = sourcecode.swift; path = PicturesCollectionViewController.swift; sourceTree = "<group>"; };
		4AA96BC12B03C800000A7BB9 /* PicturesCollectionViewCell.swift */ = {isa = PBXFileReference; lastKnownFileType = sourcecode.swift; path = PicturesCollectionViewCell.swift; sourceTree = "<group>"; };
		4AA96BC32B03D78C000A7BB9 /* GamePictures.swift */ = {isa = PBXFileReference; lastKnownFileType = sourcecode.swift; path = GamePictures.swift; sourceTree = "<group>"; };
		4AA96BC52B051C02000A7BB9 /* BiggerPictureViewController.swift */ = {isa = PBXFileReference; lastKnownFileType = sourcecode.swift; path = BiggerPictureViewController.swift; sourceTree = "<group>"; };
/* End PBXFileReference section */

/* Begin PBXFrameworksBuildPhase section */
		4A661CCC2AEBF64C00381780 /* Frameworks */ = {
			isa = PBXFrameworksBuildPhase;
			buildActionMask = 2147483647;
			files = (
			);
			runOnlyForDeploymentPostprocessing = 0;
		};
/* End PBXFrameworksBuildPhase section */

/* Begin PBXGroup section */
		4A661CC62AEBF64C00381780 = {
			isa = PBXGroup;
			children = (
				4A661CD12AEBF64C00381780 /* ScoreKeeper */,
				4A661CD02AEBF64C00381780 /* Products */,
			);
			sourceTree = "<group>";
		};
		4A661CD02AEBF64C00381780 /* Products */ = {
			isa = PBXGroup;
			children = (
				4A661CCF2AEBF64C00381780 /* ScoreKeeper.app */,
			);
			name = Products;
			sourceTree = "<group>";
		};
		4A661CD12AEBF64C00381780 /* ScoreKeeper */ = {
			isa = PBXGroup;
			children = (
				4A661D3B2AF14BC100381780 /* Player */,
				4A661D3A2AF14BB200381780 /* Game */,
				4A661CD22AEBF64C00381780 /* AppDelegate.swift */,
				4A661CD42AEBF64C00381780 /* SceneDelegate.swift */,
				4A661CD62AEBF64C00381780 /* ViewController.swift */,
				4A661CD82AEBF64C00381780 /* Main.storyboard */,
				4A661CDB2AEBF64C00381780 /* Assets.xcassets */,
				4A661CDD2AEBF64C00381780 /* LaunchScreen.storyboard */,
				4A661CE02AEBF64C00381780 /* Info.plist */,
			);
			path = ScoreKeeper;
			sourceTree = "<group>";
		};
		4A661D3A2AF14BB200381780 /* Game */ = {
			isa = PBXGroup;
			children = (
				4A661D342AF1465300381780 /* Game.swift */,
				4A661D322AF143FA00381780 /* GamesTableViewController.swift */,
				4A661D382AF1487E00381780 /* GameTableViewCell.swift */,
				4A661D3C2AF14F1400381780 /* GameDetailViewController.swift */,
				4AA96BBC2B03C57D000A7BB9 /* PicturesCollectionViewController.swift */,
				4AA96BC32B03D78C000A7BB9 /* GamePictures.swift */,
				4AA96BC12B03C800000A7BB9 /* PicturesCollectionViewCell.swift */,
				4AA96BC52B051C02000A7BB9 /* BiggerPictureViewController.swift */,
			);
			path = Game;
			sourceTree = "<group>";
		};
		4A661D3B2AF14BC100381780 /* Player */ = {
			isa = PBXGroup;
			children = (
				4A661CE62AEBFB1600381780 /* PlayerScoresTableViewController.swift */,
				4A661CEA2AEBFC2700381780 /* Player.swift */,
				4A661CE82AEBFB9200381780 /* PlayerScoreTableViewCell.swift */,
			);
			path = Player;
			sourceTree = "<group>";
		};
/* End PBXGroup section */

/* Begin PBXNativeTarget section */
		4A661CCE2AEBF64C00381780 /* ScoreKeeper */ = {
			isa = PBXNativeTarget;
			buildConfigurationList = 4A661CE32AEBF64C00381780 /* Build configuration list for PBXNativeTarget "ScoreKeeper" */;
			buildPhases = (
				4A661CCB2AEBF64C00381780 /* Sources */,
				4A661CCC2AEBF64C00381780 /* Frameworks */,
				4A661CCD2AEBF64C00381780 /* Resources */,
			);
			buildRules = (
			);
			dependencies = (
			);
			name = ScoreKeeper;
			productName = ScoreKeeper;
			productReference = 4A661CCF2AEBF64C00381780 /* ScoreKeeper.app */;
			productType = "com.apple.product-type.application";
		};
/* End PBXNativeTarget section */

/* Begin PBXProject section */
		4A661CC72AEBF64C00381780 /* Project object */ = {
			isa = PBXProject;
			attributes = {
				BuildIndependentTargetsInParallel = 1;
				LastSwiftUpdateCheck = 1430;
				LastUpgradeCheck = 1430;
				TargetAttributes = {
					4A661CCE2AEBF64C00381780 = {
						CreatedOnToolsVersion = 14.3.1;
					};
				};
			};
			buildConfigurationList = 4A661CCA2AEBF64C00381780 /* Build configuration list for PBXProject "ScoreKeeper" */;
			compatibilityVersion = "Xcode 14.0";
			developmentRegion = en;
			hasScannedForEncodings = 0;
			knownRegions = (
				en,
				Base,
			);
			mainGroup = 4A661CC62AEBF64C00381780;
			productRefGroup = 4A661CD02AEBF64C00381780 /* Products */;
			projectDirPath = "";
			projectRoot = "";
			targets = (
				4A661CCE2AEBF64C00381780 /* ScoreKeeper */,
			);
		};
/* End PBXProject section */

/* Begin PBXResourcesBuildPhase section */
		4A661CCD2AEBF64C00381780 /* Resources */ = {
			isa = PBXResourcesBuildPhase;
			buildActionMask = 2147483647;
			files = (
				4A661CDF2AEBF64C00381780 /* LaunchScreen.storyboard in Resources */,
				4A661CDC2AEBF64C00381780 /* Assets.xcassets in Resources */,
				4A661CDA2AEBF64C00381780 /* Main.storyboard in Resources */,
			);
			runOnlyForDeploymentPostprocessing = 0;
		};
/* End PBXResourcesBuildPhase section */

/* Begin PBXSourcesBuildPhase section */
		4A661CCB2AEBF64C00381780 /* Sources */ = {
			isa = PBXSourcesBuildPhase;
			buildActionMask = 2147483647;
			files = (
				4AA96BBD2B03C57D000A7BB9 /* PicturesCollectionViewController.swift in Sources */,
				4A661CD72AEBF64C00381780 /* ViewController.swift in Sources */,
				4AA96BC22B03C800000A7BB9 /* PicturesCollectionViewCell.swift in Sources */,
				4A661D3D2AF14F1400381780 /* GameDetailViewController.swift in Sources */,
				4A661CD32AEBF64C00381780 /* AppDelegate.swift in Sources */,
				4A661D392AF1487E00381780 /* GameTableViewCell.swift in Sources */,
				4A661CE92AEBFB9200381780 /* PlayerScoreTableViewCell.swift in Sources */,
				4A661CD52AEBF64C00381780 /* SceneDelegate.swift in Sources */,
				4A661CEB2AEBFC2700381780 /* Player.swift in Sources */,
				4AA96BC42B03D78C000A7BB9 /* GamePictures.swift in Sources */,
				4A661D332AF143FA00381780 /* GamesTableViewController.swift in Sources */,
				4AA96BC62B051C02000A7BB9 /* BiggerPictureViewController.swift in Sources */,
				4A661CE72AEBFB1600381780 /* PlayerScoresTableViewController.swift in Sources */,
				4A661D352AF1465300381780 /* Game.swift in Sources */,
			);
			runOnlyForDeploymentPostprocessing = 0;
		};
/* End PBXSourcesBuildPhase section */

/* Begin PBXVariantGroup section */
		4A661CD82AEBF64C00381780 /* Main.storyboard */ = {
			isa = PBXVariantGroup;
			children = (
				4A661CD92AEBF64C00381780 /* Base */,
			);
			name = Main.storyboard;
			sourceTree = "<group>";
		};
		4A661CDD2AEBF64C00381780 /* LaunchScreen.storyboard */ = {
			isa = PBXVariantGroup;
			children = (
				4A661CDE2AEBF64C00381780 /* Base */,
			);
			name = LaunchScreen.storyboard;
			sourceTree = "<group>";
		};
/* End PBXVariantGroup section */

/* Begin XCBuildConfiguration section */
		4A661CE12AEBF64C00381780 /* Debug */ = {
			isa = XCBuildConfiguration;
			buildSettings = {
				ALWAYS_SEARCH_USER_PATHS = NO;
				CLANG_ANALYZER_NONNULL = YES;
				CLANG_ANALYZER_NUMBER_OBJECT_CONVERSION = YES_AGGRESSIVE;
				CLANG_CXX_LANGUAGE_STANDARD = "gnu++20";
				CLANG_ENABLE_MODULES = YES;
				CLANG_ENABLE_OBJC_ARC = YES;
				CLANG_ENABLE_OBJC_WEAK = YES;
				CLANG_WARN_BLOCK_CAPTURE_AUTORELEASING = YES;
				CLANG_WARN_BOOL_CONVERSION = YES;
				CLANG_WARN_COMMA = YES;
				CLANG_WARN_CONSTANT_CONVERSION = YES;
				CLANG_WARN_DEPRECATED_OBJC_IMPLEMENTATIONS = YES;
				CLANG_WARN_DIRECT_OBJC_ISA_USAGE = YES_ERROR;
				CLANG_WARN_DOCUMENTATION_COMMENTS = YES;
				CLANG_WARN_EMPTY_BODY = YES;
				CLANG_WARN_ENUM_CONVERSION = YES;
				CLANG_WARN_INFINITE_RECURSION = YES;
				CLANG_WARN_INT_CONVERSION = YES;
				CLANG_WARN_NON_LITERAL_NULL_CONVERSION = YES;
				CLANG_WARN_OBJC_IMPLICIT_RETAIN_SELF = YES;
				CLANG_WARN_OBJC_LITERAL_CONVERSION = YES;
				CLANG_WARN_OBJC_ROOT_CLASS = YES_ERROR;
				CLANG_WARN_QUOTED_INCLUDE_IN_FRAMEWORK_HEADER = YES;
				CLANG_WARN_RANGE_LOOP_ANALYSIS = YES;
				CLANG_WARN_STRICT_PROTOTYPES = YES;
				CLANG_WARN_SUSPICIOUS_MOVE = YES;
				CLANG_WARN_UNGUARDED_AVAILABILITY = YES_AGGRESSIVE;
				CLANG_WARN_UNREACHABLE_CODE = YES;
				CLANG_WARN__DUPLICATE_METHOD_MATCH = YES;
				COPY_PHASE_STRIP = NO;
				DEBUG_INFORMATION_FORMAT = dwarf;
				ENABLE_STRICT_OBJC_MSGSEND = YES;
				ENABLE_TESTABILITY = YES;
				GCC_C_LANGUAGE_STANDARD = gnu11;
				GCC_DYNAMIC_NO_PIC = NO;
				GCC_NO_COMMON_BLOCKS = YES;
				GCC_OPTIMIZATION_LEVEL = 0;
				GCC_PREPROCESSOR_DEFINITIONS = (
					"DEBUG=1",
					"$(inherited)",
				);
				GCC_WARN_64_TO_32_BIT_CONVERSION = YES;
				GCC_WARN_ABOUT_RETURN_TYPE = YES_ERROR;
				GCC_WARN_UNDECLARED_SELECTOR = YES;
				GCC_WARN_UNINITIALIZED_AUTOS = YES_AGGRESSIVE;
				GCC_WARN_UNUSED_FUNCTION = YES;
				GCC_WARN_UNUSED_VARIABLE = YES;
				IPHONEOS_DEPLOYMENT_TARGET = 16.4;
				MTL_ENABLE_DEBUG_INFO = INCLUDE_SOURCE;
				MTL_FAST_MATH = YES;
				ONLY_ACTIVE_ARCH = YES;
				SDKROOT = iphoneos;
				SWIFT_ACTIVE_COMPILATION_CONDITIONS = DEBUG;
				SWIFT_OPTIMIZATION_LEVEL = "-Onone";
			};
			name = Debug;
		};
		4A661CE22AEBF64C00381780 /* Release */ = {
			isa = XCBuildConfiguration;
			buildSettings = {
				ALWAYS_SEARCH_USER_PATHS = NO;
				CLANG_ANALYZER_NONNULL = YES;
				CLANG_ANALYZER_NUMBER_OBJECT_CONVERSION = YES_AGGRESSIVE;
				CLANG_CXX_LANGUAGE_STANDARD = "gnu++20";
				CLANG_ENABLE_MODULES = YES;
				CLANG_ENABLE_OBJC_ARC = YES;
				CLANG_ENABLE_OBJC_WEAK = YES;
				CLANG_WARN_BLOCK_CAPTURE_AUTORELEASING = YES;
				CLANG_WARN_BOOL_CONVERSION = YES;
				CLANG_WARN_COMMA = YES;
				CLANG_WARN_CONSTANT_CONVERSION = YES;
				CLANG_WARN_DEPRECATED_OBJC_IMPLEMENTATIONS = YES;
				CLANG_WARN_DIRECT_OBJC_ISA_USAGE = YES_ERROR;
				CLANG_WARN_DOCUMENTATION_COMMENTS = YES;
				CLANG_WARN_EMPTY_BODY = YES;
				CLANG_WARN_ENUM_CONVERSION = YES;
				CLANG_WARN_INFINITE_RECURSION = YES;
				CLANG_WARN_INT_CONVERSION = YES;
				CLANG_WARN_NON_LITERAL_NULL_CONVERSION = YES;
				CLANG_WARN_OBJC_IMPLICIT_RETAIN_SELF = YES;
				CLANG_WARN_OBJC_LITERAL_CONVERSION = YES;
				CLANG_WARN_OBJC_ROOT_CLASS = YES_ERROR;
				CLANG_WARN_QUOTED_INCLUDE_IN_FRAMEWORK_HEADER = YES;
				CLANG_WARN_RANGE_LOOP_ANALYSIS = YES;
				CLANG_WARN_STRICT_PROTOTYPES = YES;
				CLANG_WARN_SUSPICIOUS_MOVE = YES;
				CLANG_WARN_UNGUARDED_AVAILABILITY = YES_AGGRESSIVE;
				CLANG_WARN_UNREACHABLE_CODE = YES;
				CLANG_WARN__DUPLICATE_METHOD_MATCH = YES;
				COPY_PHASE_STRIP = NO;
				DEBUG_INFORMATION_FORMAT = "dwarf-with-dsym";
				ENABLE_NS_ASSERTIONS = NO;
				ENABLE_STRICT_OBJC_MSGSEND = YES;
				GCC_C_LANGUAGE_STANDARD = gnu11;
				GCC_NO_COMMON_BLOCKS = YES;
				GCC_WARN_64_TO_32_BIT_CONVERSION = YES;
				GCC_WARN_ABOUT_RETURN_TYPE = YES_ERROR;
				GCC_WARN_UNDECLARED_SELECTOR = YES;
				GCC_WARN_UNINITIALIZED_AUTOS = YES_AGGRESSIVE;
				GCC_WARN_UNUSED_FUNCTION = YES;
				GCC_WARN_UNUSED_VARIABLE = YES;
				IPHONEOS_DEPLOYMENT_TARGET = 16.4;
				MTL_ENABLE_DEBUG_INFO = NO;
				MTL_FAST_MATH = YES;
				SDKROOT = iphoneos;
				SWIFT_COMPILATION_MODE = wholemodule;
				SWIFT_OPTIMIZATION_LEVEL = "-O";
				VALIDATE_PRODUCT = YES;
			};
			name = Release;
		};
		4A661CE42AEBF64C00381780 /* Debug */ = {
			isa = XCBuildConfiguration;
			buildSettings = {
				ASSETCATALOG_COMPILER_APPICON_NAME = AppIcon;
				ASSETCATALOG_COMPILER_GLOBAL_ACCENT_COLOR_NAME = AccentColor;
				CODE_SIGN_STYLE = Automatic;
				CURRENT_PROJECT_VERSION = 1;
				GENERATE_INFOPLIST_FILE = YES;
				INFOPLIST_FILE = ScoreKeeper/Info.plist;
				INFOPLIST_KEY_UIApplicationSupportsIndirectInputEvents = YES;
				INFOPLIST_KEY_UILaunchStoryboardName = LaunchScreen;
				INFOPLIST_KEY_UIMainStoryboardFile = Main;
				INFOPLIST_KEY_UISupportedInterfaceOrientations_iPad = "UIInterfaceOrientationPortrait UIInterfaceOrientationPortraitUpsideDown UIInterfaceOrientationLandscapeLeft UIInterfaceOrientationLandscapeRight";
				INFOPLIST_KEY_UISupportedInterfaceOrientations_iPhone = "UIInterfaceOrientationPortrait UIInterfaceOrientationLandscapeLeft UIInterfaceOrientationLandscapeRight";
				LD_RUNPATH_SEARCH_PATHS = (
					"$(inherited)",
					"@executable_path/Frameworks",
				);
				MARKETING_VERSION = 1.0;
				PRODUCT_BUNDLE_IDENTIFIER = com.tablesandpersistance.ScoreKeeper;
				PRODUCT_NAME = "$(TARGET_NAME)";
				SWIFT_EMIT_LOC_STRINGS = YES;
				SWIFT_VERSION = 5.0;
				TARGETED_DEVICE_FAMILY = "1,2";
			};
			name = Debug;
		};
		4A661CE52AEBF64C00381780 /* Release */ = {
			isa = XCBuildConfiguration;
			buildSettings = {
				ASSETCATALOG_COMPILER_APPICON_NAME = AppIcon;
				ASSETCATALOG_COMPILER_GLOBAL_ACCENT_COLOR_NAME = AccentColor;
				CODE_SIGN_STYLE = Automatic;
				CURRENT_PROJECT_VERSION = 1;
				GENERATE_INFOPLIST_FILE = YES;
				INFOPLIST_FILE = ScoreKeeper/Info.plist;
				INFOPLIST_KEY_UIApplicationSupportsIndirectInputEvents = YES;
				INFOPLIST_KEY_UILaunchStoryboardName = LaunchScreen;
				INFOPLIST_KEY_UIMainStoryboardFile = Main;
				INFOPLIST_KEY_UISupportedInterfaceOrientations_iPad = "UIInterfaceOrientationPortrait UIInterfaceOrientationPortraitUpsideDown UIInterfaceOrientationLandscapeLeft UIInterfaceOrientationLandscapeRight";
				INFOPLIST_KEY_UISupportedInterfaceOrientations_iPhone = "UIInterfaceOrientationPortrait UIInterfaceOrientationLandscapeLeft UIInterfaceOrientationLandscapeRight";
				LD_RUNPATH_SEARCH_PATHS = (
					"$(inherited)",
					"@executable_path/Frameworks",
				);
				MARKETING_VERSION = 1.0;
				PRODUCT_BUNDLE_IDENTIFIER = com.tablesandpersistance.ScoreKeeper;
				PRODUCT_NAME = "$(TARGET_NAME)";
				SWIFT_EMIT_LOC_STRINGS = YES;
				SWIFT_VERSION = 5.0;
				TARGETED_DEVICE_FAMILY = "1,2";
			};
			name = Release;
		};
/* End XCBuildConfiguration section */

/* Begin XCConfigurationList section */
		4A661CCA2AEBF64C00381780 /* Build configuration list for PBXProject "ScoreKeeper" */ = {
			isa = XCConfigurationList;
			buildConfigurations = (
				4A661CE12AEBF64C00381780 /* Debug */,
				4A661CE22AEBF64C00381780 /* Release */,
			);
			defaultConfigurationIsVisible = 0;
			defaultConfigurationName = Release;
		};
		4A661CE32AEBF64C00381780 /* Build configuration list for PBXNativeTarget "ScoreKeeper" */ = {
			isa = XCConfigurationList;
			buildConfigurations = (
				4A661CE42AEBF64C00381780 /* Debug */,
				4A661CE52AEBF64C00381780 /* Release */,
			);
			defaultConfigurationIsVisible = 0;
			defaultConfigurationName = Release;
		};
/* End XCConfigurationList section */
	};
	rootObject = 4A661CC72AEBF64C00381780 /* Project object */;
}
